// !$*UTF8*$!
{
	archiveVersion = 1;
	classes = {
	};
	objectVersion = 50;
	objects = {

/* Begin PBXBuildFile section */
		8D1B2717212F5F1600ADD780 /* AppDelegate.m in Sources */ = {isa = PBXBuildFile; fileRef = 8D1B2716212F5F1600ADD780 /* AppDelegate.m */; };
		8D1B271A212F5F1600ADD780 /* ViewController.m in Sources */ = {isa = PBXBuildFile; fileRef = 8D1B2719212F5F1600ADD780 /* ViewController.m */; };
		8D1B271D212F5F1600ADD780 /* Main.storyboard in Resources */ = {isa = PBXBuildFile; fileRef = 8D1B271B212F5F1600ADD780 /* Main.storyboard */; };
		8D1B271F212F5F1A00ADD780 /* Assets.xcassets in Resources */ = {isa = PBXBuildFile; fileRef = 8D1B271E212F5F1A00ADD780 /* Assets.xcassets */; };
		8D1B2722212F5F1A00ADD780 /* LaunchScreen.storyboard in Resources */ = {isa = PBXBuildFile; fileRef = 8D1B2720212F5F1A00ADD780 /* LaunchScreen.storyboard */; };
		8D1B2725212F5F1A00ADD780 /* main.m in Sources */ = {isa = PBXBuildFile; fileRef = 8D1B2724212F5F1A00ADD780 /* main.m */; };
/* End PBXBuildFile section */

/* Begin PBXFileReference section */
		8D1B2712212F5F1600ADD780 /* jailbreakgeniusassistant.app */ = {isa = PBXFileReference; explicitFileType = wrapper.application; includeInIndex = 0; path = jailbreakgeniusassistant.app; sourceTree = BUILT_PRODUCTS_DIR; };
		8D1B2715212F5F1600ADD780 /* AppDelegate.h */ = {isa = PBXFileReference; lastKnownFileType = sourcecode.c.h; path = AppDelegate.h; sourceTree = "<group>"; };
		8D1B2716212F5F1600ADD780 /* AppDelegate.m */ = {isa = PBXFileReference; lastKnownFileType = sourcecode.c.objc; path = AppDelegate.m; sourceTree = "<group>"; };
		8D1B2718212F5F1600ADD780 /* ViewController.h */ = {isa = PBXFileReference; lastKnownFileType = sourcecode.c.h; path = ViewController.h; sourceTree = "<group>"; };
		8D1B2719212F5F1600ADD780 /* ViewController.m */ = {isa = PBXFileReference; lastKnownFileType = sourcecode.c.objc; path = ViewController.m; sourceTree = "<group>"; };
		8D1B271C212F5F1600ADD780 /* Base */ = {isa = PBXFileReference; lastKnownFileType = file.storyboard; name = Base; path = Base.lproj/Main.storyboard; sourceTree = "<group>"; };
		8D1B271E212F5F1A00ADD780 /* Assets.xcassets */ = {isa = PBXFileReference; lastKnownFileType = folder.assetcatalog; path = Assets.xcassets; sourceTree = "<group>"; };
		8D1B2721212F5F1A00ADD780 /* Base */ = {isa = PBXFileReference; lastKnownFileType = file.storyboard; name = Base; path = Base.lproj/LaunchScreen.storyboard; sourceTree = "<group>"; };
		8D1B2723212F5F1A00ADD780 /* Info.plist */ = {isa = PBXFileReference; lastKnownFileType = text.plist.xml; path = Info.plist; sourceTree = "<group>"; };
		8D1B2724212F5F1A00ADD780 /* main.m */ = {isa = PBXFileReference; lastKnownFileType = sourcecode.c.objc; path = main.m; sourceTree = "<group>"; };
/* End PBXFileReference section */

/* Begin PBXFrameworksBuildPhase section */
		8D1B270F212F5F1600ADD780 /* Frameworks */ = {
			isa = PBXFrameworksBuildPhase;
			buildActionMask = 2147483647;
			files = (
			);
			runOnlyForDeploymentPostprocessing = 0;
		};
/* End PBXFrameworksBuildPhase section */

/* Begin PBXGroup section */
		8D1B2709212F5F1600ADD780 = {
			isa = PBXGroup;
			children = (
				8D1B2714212F5F1600ADD780 /* jailbreakgeniusassistant */,
				8D1B2713212F5F1600ADD780 /* Products */,
			);
			sourceTree = "<group>";
		};
		8D1B2713212F5F1600ADD780 /* Products */ = {
			isa = PBXGroup;
			children = (
				8D1B2712212F5F1600ADD780 /* jailbreakgeniusassistant.app */,
			);
			name = Products;
			sourceTree = "<group>";
		};
		8D1B2714212F5F1600ADD780 /* jailbreakgeniusassistant */ = {
			isa = PBXGroup;
			children = (
				8D1B2715212F5F1600ADD780 /* AppDelegate.h */,
				8D1B2716212F5F1600ADD780 /* AppDelegate.m */,
				8D1B2718212F5F1600ADD780 /* ViewController.h */,
				8D1B2719212F5F1600ADD780 /* ViewController.m */,
				8D1B271B212F5F1600ADD780 /* Main.storyboard */,
				8D1B271E212F5F1A00ADD780 /* Assets.xcassets */,
				8D1B2720212F5F1A00ADD780 /* LaunchScreen.storyboard */,
				8D1B2723212F5F1A00ADD780 /* Info.plist */,
				8D1B2724212F5F1A00ADD780 /* main.m */,
			);
			path = jailbreakgeniusassistant;
			sourceTree = "<group>";
		};
/* End PBXGroup section */

/* Begin PBXNativeTarget section */
		8D1B2711212F5F1600ADD780 /* jailbreakgeniusassistant */ = {
			isa = PBXNativeTarget;
			buildConfigurationList = 8D1B2728212F5F1A00ADD780 /* Build configuration list for PBXNativeTarget "jailbreakgeniusassistant" */;
			buildPhases = (
				8D1B270E212F5F1600ADD780 /* Sources */,
				8D1B270F212F5F1600ADD780 /* Frameworks */,
				8D1B2710212F5F1600ADD780 /* Resources */,
			);
			buildRules = (
			);
			dependencies = (
			);
			name = jailbreakgeniusassistant;
			productName = jailbreakgeniusassistant;
			productReference = 8D1B2712212F5F1600ADD780 /* jailbreakgeniusassistant.app */;
			productType = "com.apple.product-type.application";
		};
/* End PBXNativeTarget section */

/* Begin PBXProject section */
		8D1B270A212F5F1600ADD780 /* Project object */ = {
			isa = PBXProject;
			attributes = {
				LastUpgradeCheck = 1000;
				ORGANIZATIONNAME = "Sam Gardner";
				TargetAttributes = {
					8D1B2711212F5F1600ADD780 = {
						CreatedOnToolsVersion = 10.0;
					};
				};
			};
			buildConfigurationList = 8D1B270D212F5F1600ADD780 /* Build configuration list for PBXProject "jailbreakgeniusassistant" */;
			compatibilityVersion = "Xcode 9.3";
			developmentRegion = en;
			hasScannedForEncodings = 0;
			knownRegions = (
				en,
				Base,
			);
			mainGroup = 8D1B2709212F5F1600ADD780;
			productRefGroup = 8D1B2713212F5F1600ADD780 /* Products */;
			projectDirPath = "";
			projectRoot = "";
			targets = (
				8D1B2711212F5F1600ADD780 /* jailbreakgeniusassistant */,
			);
		};
/* End PBXProject section */

/* Begin PBXResourcesBuildPhase section */
		8D1B2710212F5F1600ADD780 /* Resources */ = {
			isa = PBXResourcesBuildPhase;
			buildActionMask = 2147483647;
			files = (
				8D1B2722212F5F1A00ADD780 /* LaunchScreen.storyboard in Resources */,
				8D1B271F212F5F1A00ADD780 /* Assets.xcassets in Resources */,
				8D1B271D212F5F1600ADD780 /* Main.storyboard in Resources */,
			);
			runOnlyForDeploymentPostprocessing = 0;
		};
/* End PBXResourcesBuildPhase section */

/* Begin PBXSourcesBuildPhase section */
		8D1B270E212F5F1600ADD780 /* Sources */ = {
			isa = PBXSourcesBuildPhase;
			buildActionMask = 2147483647;
			files = (
				8D1B271A212F5F1600ADD780 /* ViewController.m in Sources */,
				8D1B2725212F5F1A00ADD780 /* main.m in Sources */,
				8D1B2717212F5F1600ADD780 /* AppDelegate.m in Sources */,
			);
			runOnlyForDeploymentPostprocessing = 0;
		};
/* End PBXSourcesBuildPhase section */

/* Begin PBXVariantGroup section */
		8D1B271B212F5F1600ADD780 /* Main.storyboard */ = {
			isa = PBXVariantGroup;
			children = (
				8D1B271C212F5F1600ADD780 /* Base */,
			);
			name = Main.storyboard;
			sourceTree = "<group>";
		};
		8D1B2720212F5F1A00ADD780 /* LaunchScreen.storyboard */ = {
			isa = PBXVariantGroup;
			children = (
				8D1B2721212F5F1A00ADD780 /* Base */,
			);
			name = LaunchScreen.storyboard;
			sourceTree = "<group>";
		};
/* End PBXVariantGroup section */

/* Begin XCBuildConfiguration section */
		8D1B2726212F5F1A00ADD780 /* Debug */ = {
			isa = XCBuildConfiguration;
			buildSettings = {
				ALWAYS_SEARCH_USER_PATHS = NO;
				CLANG_ANALYZER_NONNULL = YES;
				CLANG_ANALYZER_NUMBER_OBJECT_CONVERSION = YES_AGGRESSIVE;
				CLANG_CXX_LANGUAGE_STANDARD = "gnu++14";
				CLANG_CXX_LIBRARY = "libc++";
				CLANG_ENABLE_MODULES = YES;
				CLANG_ENABLE_OBJC_ARC = YES;
				CLANG_ENABLE_OBJC_WEAK = YES;
				CLANG_WARN_BLOCK_CAPTURE_AUTORELEASING = YES;
				CLANG_WARN_BOOL_CONVERSION = YES;
				CLANG_WARN_COMMA = YES;
				CLANG_WARN_CONSTANT_CONVERSION = YES;
				CLANG_WARN_DEPRECATED_OBJC_IMPLEMENTATIONS = YES;
				CLANG_WARN_DIRECT_OBJC_ISA_USAGE = YES_ERROR;
				CLANG_WARN_DOCUMENTATION_COMMENTS = YES;
				CLANG_WARN_EMPTY_BODY = YES;
				CLANG_WARN_ENUM_CONVERSION = YES;
				CLANG_WARN_INFINITE_RECURSION = YES;
				CLANG_WARN_INT_CONVERSION = YES;
				CLANG_WARN_NON_LITERAL_NULL_CONVERSION = YES;
				CLANG_WARN_OBJC_IMPLICIT_RETAIN_SELF = YES;
				CLANG_WARN_OBJC_LITERAL_CONVERSION = YES;
				CLANG_WARN_OBJC_ROOT_CLASS = YES_ERROR;
				CLANG_WARN_RANGE_LOOP_ANALYSIS = YES;
				CLANG_WARN_STRICT_PROTOTYPES = YES;
				CLANG_WARN_SUSPICIOUS_MOVE = YES;
				CLANG_WARN_UNGUARDED_AVAILABILITY = YES_AGGRESSIVE;
				CLANG_WARN_UNREACHABLE_CODE = YES;
				CLANG_WARN__DUPLICATE_METHOD_MATCH = YES;
				CODE_SIGN_IDENTITY = "iPhone Developer";
				COPY_PHASE_STRIP = NO;
				DEBUG_INFORMATION_FORMAT = dwarf;
				ENABLE_STRICT_OBJC_MSGSEND = YES;
				ENABLE_TESTABILITY = YES;
				GCC_C_LANGUAGE_STANDARD = gnu11;
				GCC_DYNAMIC_NO_PIC = NO;
				GCC_NO_COMMON_BLOCKS = YES;
				GCC_OPTIMIZATION_LEVEL = 0;
				GCC_PREPROCESSOR_DEFINITIONS = (
					"DEBUG=1",
					"$(inherited)",
				);
				GCC_WARN_64_TO_32_BIT_CONVERSION = YES;
				GCC_WARN_ABOUT_RETURN_TYPE = YES_ERROR;
				GCC_WARN_UNDECLARED_SELECTOR = YES;
				GCC_WARN_UNINITIALIZED_AUTOS = YES_AGGRESSIVE;
				GCC_WARN_UNUSED_FUNCTION = YES;
				GCC_WARN_UNUSED_VARIABLE = YES;
				IPHONEOS_DEPLOYMENT_TARGET = 12.0;
				MTL_ENABLE_DEBUG_INFO = INCLUDE_SOURCE;
				ONLY_ACTIVE_ARCH = YES;
				SDKROOT = iphoneos;
			};
			name = Debug;
		};
		8D1B2727212F5F1A00ADD780 /* Release */ = {
			isa = XCBuildConfiguration;
			buildSettings = {
				ALWAYS_SEARCH_USER_PATHS = NO;
				CLANG_ANALYZER_NONNULL = YES;
				CLANG_ANALYZER_NUMBER_OBJECT_CONVERSION = YES_AGGRESSIVE;
				CLANG_CXX_LANGUAGE_STANDARD = "gnu++14";
				CLANG_CXX_LIBRARY = "libc++";
				CLANG_ENABLE_MODULES = YES;
				CLANG_ENABLE_OBJC_ARC = YES;
				CLANG_ENABLE_OBJC_WEAK = YES;
				CLANG_WARN_BLOCK_CAPTURE_AUTORELEASING = YES;
				CLANG_WARN_BOOL_CONVERSION = YES;
				CLANG_WARN_COMMA = YES;
				CLANG_WARN_CONSTANT_CONVERSION = YES;
				CLANG_WARN_DEPRECATED_OBJC_IMPLEMENTATIONS = YES;
				CLANG_WARN_DIRECT_OBJC_ISA_USAGE = YES_ERROR;
				CLANG_WARN_DOCUMENTATION_COMMENTS = YES;
				CLANG_WARN_EMPTY_BODY = YES;
				CLANG_WARN_ENUM_CONVERSION = YES;
				CLANG_WARN_INFINITE_RECURSION = YES;
				CLANG_WARN_INT_CONVERSION = YES;
				CLANG_WARN_NON_LITERAL_NULL_CONVERSION = YES;
				CLANG_WARN_OBJC_IMPLICIT_RETAIN_SELF = YES;
				CLANG_WARN_OBJC_LITERAL_CONVERSION = YES;
				CLANG_WARN_OBJC_ROOT_CLASS = YES_ERROR;
				CLANG_WARN_RANGE_LOOP_ANALYSIS = YES;
				CLANG_WARN_STRICT_PROTOTYPES = YES;
				CLANG_WARN_SUSPICIOUS_MOVE = YES;
				CLANG_WARN_UNGUARDED_AVAILABILITY = YES_AGGRESSIVE;
				CLANG_WARN_UNREACHABLE_CODE = YES;
				CLANG_WARN__DUPLICATE_METHOD_MATCH = YES;
				CODE_SIGN_IDENTITY = "iPhone Developer";
				COPY_PHASE_STRIP = NO;
				DEBUG_INFORMATION_FORMAT = "dwarf-with-dsym";
				ENABLE_NS_ASSERTIONS = NO;
				ENABLE_STRICT_OBJC_MSGSEND = YES;
				GCC_C_LANGUAGE_STANDARD = gnu11;
				GCC_NO_COMMON_BLOCKS = YES;
				GCC_WARN_64_TO_32_BIT_CONVERSION = YES;
				GCC_WARN_ABOUT_RETURN_TYPE = YES_ERROR;
				GCC_WARN_UNDECLARED_SELECTOR = YES;
				GCC_WARN_UNINITIALIZED_AUTOS = YES_AGGRESSIVE;
				GCC_WARN_UNUSED_FUNCTION = YES;
				GCC_WARN_UNUSED_VARIABLE = YES;
				IPHONEOS_DEPLOYMENT_TARGET = 12.0;
				MTL_ENABLE_DEBUG_INFO = NO;
				SDKROOT = iphoneos;
				VALIDATE_PRODUCT = YES;
			};
			name = Release;
		};
		8D1B2729212F5F1A00ADD780 /* Debug */ = {
			isa = XCBuildConfiguration;
			buildSettings = {
				ASSETCATALOG_COMPILER_APPICON_NAME = AppIcon;
				CODE_SIGN_STYLE = Automatic;
				DEVELOPMENT_TEAM = 7RD2AU3P6T;
				INFOPLIST_FILE = jailbreakgeniusassistant/Info.plist;
				LD_RUNPATH_SEARCH_PATHS = (
					"$(inherited)",
					"@executable_path/Frameworks",
				);
				PRODUCT_BUNDLE_IDENTIFIER = com.samgisaninja.jailbreakgeniusassistant;
				PRODUCT_NAME = "$(TARGET_NAME)";
				TARGETED_DEVICE_FAMILY = "1,2";
			};
			name = Debug;
		};
		8D1B272A212F5F1A00ADD780 /* Release */ = {
			isa = XCBuildConfiguration;
			buildSettings = {
				ASSETCATALOG_COMPILER_APPICON_NAME = AppIcon;
				CODE_SIGN_STYLE = Automatic;
				DEVELOPMENT_TEAM = 7RD2AU3P6T;
				INFOPLIST_FILE = jailbreakgeniusassistant/Info.plist;
				LD_RUNPATH_SEARCH_PATHS = (
					"$(inherited)",
					"@executable_path/Frameworks",
				);
				PRODUCT_BUNDLE_IDENTIFIER = com.samgisaninja.jailbreakgeniusassistant;
				PRODUCT_NAME = "$(TARGET_NAME)";
				TARGETED_DEVICE_FAMILY = "1,2";
			};
			name = Release;
		};
/* End XCBuildConfiguration section */

/* Begin XCConfigurationList section */
		8D1B270D212F5F1600ADD780 /* Build configuration list for PBXProject "jailbreakgeniusassistant" */ = {
			isa = XCConfigurationList;
			buildConfigurations = (
				8D1B2726212F5F1A00ADD780 /* Debug */,
				8D1B2727212F5F1A00ADD780 /* Release */,
			);
			defaultConfigurationIsVisible = 0;
			defaultConfigurationName = Release;
		};
		8D1B2728212F5F1A00ADD780 /* Build configuration list for PBXNativeTarget "jailbreakgeniusassistant" */ = {
			isa = XCConfigurationList;
			buildConfigurations = (
				8D1B2729212F5F1A00ADD780 /* Debug */,
				8D1B272A212F5F1A00ADD780 /* Release */,
			);
			defaultConfigurationIsVisible = 0;
			defaultConfigurationName = Release;
		};
/* End XCConfigurationList section */
	};
	rootObject = 8D1B270A212F5F1600ADD780 /* Project object */;
}
